
Microsoft Visual Studio Solution File, Format Version 12.00
# Visual Studio Version 17
VisualStudioVersion = 17.1.32210.238
MinimumVisualStudioVersion = 10.0.40219.1
Project("{FAE04EC0-301F-11D3-BF4B-00C04F79EFBC}") = "ColumnSelector", "ColumnSelector\ColumnSelector.Windows\ColumnSelector.csproj", "{87773F03-1E60-442D-93EC-80E9BB64839E}"
EndProject
Project("{FAE04EC0-301F-11D3-BF4B-00C04F79EFBC}") = "DictionaryFilter", "DictionaryFilter\DictionaryFilter.csproj", "{B565CD64-5C2E-47BA-9242-33BD23460F1F}"
EndProject
Project("{FAE04EC0-301F-11D3-BF4B-00C04F79EFBC}") = "Sorter", "Sorter\Sorter.csproj", "{6A3218C6-AA79-4BC4-AB5D-012C5AB28D5E}"
EndProject
Project("{FAE04EC0-301F-11D3-BF4B-00C04F79EFBC}") = "ScanForBadAssemblyVersion", "ScanForBadAssemblyVersion\ScanForBadAssemblyVersion.csproj", "{8B2F05FA-A9A4-463D-B81B-906FE0EEBA70}"
EndProject
Project("{9A19103F-16F7-4668-BE54-9A1E7A4F7556}") = "Samer", "Samer\Samer.csproj", "{CC39D97A-C8B2-42B3-B680-B1814107A977}"
EndProject
Global
	GlobalSection(SolutionConfigurationPlatforms) = preSolution
		Debug|Any CPU = Debug|Any CPU
		Release|Any CPU = Release|Any CPU
	EndGlobalSection
	GlobalSection(ProjectConfigurationPlatforms) = postSolution
		{87773F03-1E60-442D-93EC-80E9BB64839E}.Debug|Any CPU.ActiveCfg = Debug|Any CPU
		{87773F03-1E60-442D-93EC-80E9BB64839E}.Debug|Any CPU.Build.0 = Debug|Any CPU
		{87773F03-1E60-442D-93EC-80E9BB64839E}.Release|Any CPU.ActiveCfg = Release|Any CPU
		{87773F03-1E60-442D-93EC-80E9BB64839E}.Release|Any CPU.Build.0 = Release|Any CPU
		{B565CD64-5C2E-47BA-9242-33BD23460F1F}.Debug|Any CPU.ActiveCfg = Debug|Any CPU
		{B565CD64-5C2E-47BA-9242-33BD23460F1F}.Debug|Any CPU.Build.0 = Debug|Any CPU
		{B565CD64-5C2E-47BA-9242-33BD23460F1F}.Release|Any CPU.ActiveCfg = Release|Any CPU
		{B565CD64-5C2E-47BA-9242-33BD23460F1F}.Release|Any CPU.Build.0 = Release|Any CPU
		{6A3218C6-AA79-4BC4-AB5D-012C5AB28D5E}.Debug|Any CPU.ActiveCfg = Debug|Any CPU
		{6A3218C6-AA79-4BC4-AB5D-012C5AB28D5E}.Debug|Any CPU.Build.0 = Debug|Any CPU
		{6A3218C6-AA79-4BC4-AB5D-012C5AB28D5E}.Release|Any CPU.ActiveCfg = Release|Any CPU
		{6A3218C6-AA79-4BC4-AB5D-012C5AB28D5E}.Release|Any CPU.Build.0 = Release|Any CPU
		{8B2F05FA-A9A4-463D-B81B-906FE0EEBA70}.Debug|Any CPU.ActiveCfg = Debug|Any CPU
		{8B2F05FA-A9A4-463D-B81B-906FE0EEBA70}.Debug|Any CPU.Build.0 = Debug|Any CPU
		{8B2F05FA-A9A4-463D-B81B-906FE0EEBA70}.Release|Any CPU.ActiveCfg = Release|Any CPU
		{8B2F05FA-A9A4-463D-B81B-906FE0EEBA70}.Release|Any CPU.Build.0 = Release|Any CPU
		{CC39D97A-C8B2-42B3-B680-B1814107A977}.Debug|Any CPU.ActiveCfg = Debug|Any CPU
		{CC39D97A-C8B2-42B3-B680-B1814107A977}.Debug|Any CPU.Build.0 = Debug|Any CPU
		{CC39D97A-C8B2-42B3-B680-B1814107A977}.Release|Any CPU.ActiveCfg = Release|Any CPU
		{CC39D97A-C8B2-42B3-B680-B1814107A977}.Release|Any CPU.Build.0 = Release|Any CPU
	EndGlobalSection
	GlobalSection(SolutionProperties) = preSolution
		HideSolutionNode = FALSE
	EndGlobalSection
	GlobalSection(ExtensibilityGlobals) = postSolution
		SolutionGuid = {092C2C69-9DD7-40EF-B215-CD8006A025B3}
	EndGlobalSection
EndGlobal
